// !$*UTF8*$!
{
	archiveVersion = 1;
	classes = {
	};
	objectVersion = 56;
	objects = {

/* Begin PBXBuildFile section */
		9B6E6A842A9A07CC0097D20A /* RootView.swift in Sources */ = {isa = PBXBuildFile; fileRef = 9B6E6A672A9A07CC0097D20A /* RootView.swift */; };
		9B6E6A862A9A07CC0097D20A /* UserViewModel.swift in Sources */ = {isa = PBXBuildFile; fileRef = 9B6E6A6B2A9A07CC0097D20A /* UserViewModel.swift */; };
		9B6E6A872A9A07CC0097D20A /* UserView.swift in Sources */ = {isa = PBXBuildFile; fileRef = 9B6E6A6C2A9A07CC0097D20A /* UserView.swift */; };
		9B6E6A882A9A07CC0097D20A /* CounterView.swift in Sources */ = {isa = PBXBuildFile; fileRef = 9B6E6A6E2A9A07CC0097D20A /* CounterView.swift */; };
		9B6E6A892A9A07CC0097D20A /* CounterViewModel.swift in Sources */ = {isa = PBXBuildFile; fileRef = 9B6E6A6F2A9A07CC0097D20A /* CounterViewModel.swift */; };
		9B6E6A8A2A9A07CC0097D20A /* AppState.swift in Sources */ = {isa = PBXBuildFile; fileRef = 9B6E6A722A9A07CC0097D20A /* AppState.swift */; };
		9B6E6A8B2A9A07CC0097D20A /* AppSaga.swift in Sources */ = {isa = PBXBuildFile; fileRef = 9B6E6A732A9A07CC0097D20A /* AppSaga.swift */; };
		9B6E6A8C2A9A07CC0097D20A /* AppReducer.swift in Sources */ = {isa = PBXBuildFile; fileRef = 9B6E6A742A9A07CC0097D20A /* AppReducer.swift */; };
		9B6E6A8D2A9A07CC0097D20A /* AppStore.swift in Sources */ = {isa = PBXBuildFile; fileRef = 9B6E6A762A9A07CC0097D20A /* AppStore.swift */; };
		9B6E6A8E2A9A07CC0097D20A /* UserReducer.swift in Sources */ = {isa = PBXBuildFile; fileRef = 9B6E6A792A9A07CC0097D20A /* UserReducer.swift */; };
		9B6E6A8F2A9A07CC0097D20A /* UserSaga.swift in Sources */ = {isa = PBXBuildFile; fileRef = 9B6E6A7A2A9A07CC0097D20A /* UserSaga.swift */; };
		9B6E6A902A9A07CC0097D20A /* UserAction.swift in Sources */ = {isa = PBXBuildFile; fileRef = 9B6E6A7B2A9A07CC0097D20A /* UserAction.swift */; };
		9B6E6A912A9A07CC0097D20A /* UserSelectors.swift in Sources */ = {isa = PBXBuildFile; fileRef = 9B6E6A7C2A9A07CC0097D20A /* UserSelectors.swift */; };
		9B6E6A922A9A07CC0097D20A /* UserState.swift in Sources */ = {isa = PBXBuildFile; fileRef = 9B6E6A7D2A9A07CC0097D20A /* UserState.swift */; };
		9B6E6A932A9A07CC0097D20A /* CounterSaga.swift in Sources */ = {isa = PBXBuildFile; fileRef = 9B6E6A7F2A9A07CC0097D20A /* CounterSaga.swift */; };
		9B6E6A942A9A07CC0097D20A /* CounterReducer.swift in Sources */ = {isa = PBXBuildFile; fileRef = 9B6E6A802A9A07CC0097D20A /* CounterReducer.swift */; };
		9B6E6A952A9A07CC0097D20A /* CounterSelectors.swift in Sources */ = {isa = PBXBuildFile; fileRef = 9B6E6A812A9A07CC0097D20A /* CounterSelectors.swift */; };
		9B6E6A962A9A07CC0097D20A /* CounterState.swift in Sources */ = {isa = PBXBuildFile; fileRef = 9B6E6A822A9A07CC0097D20A /* CounterState.swift */; };
		9B6E6A972A9A07CC0097D20A /* CounterAction.swift in Sources */ = {isa = PBXBuildFile; fileRef = 9B6E6A832A9A07CC0097D20A /* CounterAction.swift */; };
		BC4A53422A99E7DC00E78D57 /* ExampleApp.swift in Sources */ = {isa = PBXBuildFile; fileRef = BC4A53412A99E7DC00E78D57 /* ExampleApp.swift */; };
		BC4A53462A99E7DD00E78D57 /* Assets.xcassets in Resources */ = {isa = PBXBuildFile; fileRef = BC4A53452A99E7DD00E78D57 /* Assets.xcassets */; };
		BC4A534A2A99E7DD00E78D57 /* Preview Assets.xcassets in Resources */ = {isa = PBXBuildFile; fileRef = BC4A53492A99E7DD00E78D57 /* Preview Assets.xcassets */; };
		BC4A53542A99E7DD00E78D57 /* ExampleTests.swift in Sources */ = {isa = PBXBuildFile; fileRef = BC4A53532A99E7DD00E78D57 /* ExampleTests.swift */; };
		BC4A535E2A99E7DD00E78D57 /* ExampleUITests.swift in Sources */ = {isa = PBXBuildFile; fileRef = BC4A535D2A99E7DD00E78D57 /* ExampleUITests.swift */; };
		BC4A53602A99E7DD00E78D57 /* ExampleUITestsLaunchTests.swift in Sources */ = {isa = PBXBuildFile; fileRef = BC4A535F2A99E7DD00E78D57 /* ExampleUITestsLaunchTests.swift */; };
		BC4A536F2A99E7F400E78D57 /* ReSwiftSaga in Frameworks */ = {isa = PBXBuildFile; productRef = BC4A536E2A99E7F400E78D57 /* ReSwiftSaga */; };
/* End PBXBuildFile section */

/* Begin PBXContainerItemProxy section */
		BC4A53502A99E7DD00E78D57 /* PBXContainerItemProxy */ = {
			isa = PBXContainerItemProxy;
			containerPortal = BC4A53362A99E7DC00E78D57 /* Project object */;
			proxyType = 1;
			remoteGlobalIDString = BC4A533D2A99E7DC00E78D57;
			remoteInfo = Example;
		};
		BC4A535A2A99E7DD00E78D57 /* PBXContainerItemProxy */ = {
			isa = PBXContainerItemProxy;
			containerPortal = BC4A53362A99E7DC00E78D57 /* Project object */;
			proxyType = 1;
			remoteGlobalIDString = BC4A533D2A99E7DC00E78D57;
			remoteInfo = Example;
		};
/* End PBXContainerItemProxy section */

/* Begin PBXFileReference section */
		9B6E6A672A9A07CC0097D20A /* RootView.swift */ = {isa = PBXFileReference; fileEncoding = 4; lastKnownFileType = sourcecode.swift; path = RootView.swift; sourceTree = "<group>"; };
		9B6E6A6B2A9A07CC0097D20A /* UserViewModel.swift */ = {isa = PBXFileReference; fileEncoding = 4; lastKnownFileType = sourcecode.swift; path = UserViewModel.swift; sourceTree = "<group>"; };
		9B6E6A6C2A9A07CC0097D20A /* UserView.swift */ = {isa = PBXFileReference; fileEncoding = 4; lastKnownFileType = sourcecode.swift; path = UserView.swift; sourceTree = "<group>"; };
		9B6E6A6E2A9A07CC0097D20A /* CounterView.swift */ = {isa = PBXFileReference; fileEncoding = 4; lastKnownFileType = sourcecode.swift; path = CounterView.swift; sourceTree = "<group>"; };
		9B6E6A6F2A9A07CC0097D20A /* CounterViewModel.swift */ = {isa = PBXFileReference; fileEncoding = 4; lastKnownFileType = sourcecode.swift; path = CounterViewModel.swift; sourceTree = "<group>"; };
		9B6E6A722A9A07CC0097D20A /* AppState.swift */ = {isa = PBXFileReference; fileEncoding = 4; lastKnownFileType = sourcecode.swift; path = AppState.swift; sourceTree = "<group>"; };
		9B6E6A732A9A07CC0097D20A /* AppSaga.swift */ = {isa = PBXFileReference; fileEncoding = 4; lastKnownFileType = sourcecode.swift; path = AppSaga.swift; sourceTree = "<group>"; };
		9B6E6A742A9A07CC0097D20A /* AppReducer.swift */ = {isa = PBXFileReference; fileEncoding = 4; lastKnownFileType = sourcecode.swift; path = AppReducer.swift; sourceTree = "<group>"; };
		9B6E6A762A9A07CC0097D20A /* AppStore.swift */ = {isa = PBXFileReference; fileEncoding = 4; lastKnownFileType = sourcecode.swift; path = AppStore.swift; sourceTree = "<group>"; };
		9B6E6A792A9A07CC0097D20A /* UserReducer.swift */ = {isa = PBXFileReference; fileEncoding = 4; lastKnownFileType = sourcecode.swift; path = UserReducer.swift; sourceTree = "<group>"; };
		9B6E6A7A2A9A07CC0097D20A /* UserSaga.swift */ = {isa = PBXFileReference; fileEncoding = 4; lastKnownFileType = sourcecode.swift; path = UserSaga.swift; sourceTree = "<group>"; };
		9B6E6A7B2A9A07CC0097D20A /* UserAction.swift */ = {isa = PBXFileReference; fileEncoding = 4; lastKnownFileType = sourcecode.swift; path = UserAction.swift; sourceTree = "<group>"; };
		9B6E6A7C2A9A07CC0097D20A /* UserSelectors.swift */ = {isa = PBXFileReference; fileEncoding = 4; lastKnownFileType = sourcecode.swift; path = UserSelectors.swift; sourceTree = "<group>"; };
		9B6E6A7D2A9A07CC0097D20A /* UserState.swift */ = {isa = PBXFileReference; fileEncoding = 4; lastKnownFileType = sourcecode.swift; path = UserState.swift; sourceTree = "<group>"; };
		9B6E6A7F2A9A07CC0097D20A /* CounterSaga.swift */ = {isa = PBXFileReference; fileEncoding = 4; lastKnownFileType = sourcecode.swift; path = CounterSaga.swift; sourceTree = "<group>"; };
		9B6E6A802A9A07CC0097D20A /* CounterReducer.swift */ = {isa = PBXFileReference; fileEncoding = 4; lastKnownFileType = sourcecode.swift; path = CounterReducer.swift; sourceTree = "<group>"; };
		9B6E6A812A9A07CC0097D20A /* CounterSelectors.swift */ = {isa = PBXFileReference; fileEncoding = 4; lastKnownFileType = sourcecode.swift; path = CounterSelectors.swift; sourceTree = "<group>"; };
		9B6E6A822A9A07CC0097D20A /* CounterState.swift */ = {isa = PBXFileReference; fileEncoding = 4; lastKnownFileType = sourcecode.swift; path = CounterState.swift; sourceTree = "<group>"; };
		9B6E6A832A9A07CC0097D20A /* CounterAction.swift */ = {isa = PBXFileReference; fileEncoding = 4; lastKnownFileType = sourcecode.swift; path = CounterAction.swift; sourceTree = "<group>"; };
		BC4A533E2A99E7DC00E78D57 /* Example.app */ = {isa = PBXFileReference; explicitFileType = wrapper.application; includeInIndex = 0; path = Example.app; sourceTree = BUILT_PRODUCTS_DIR; };
		BC4A53412A99E7DC00E78D57 /* ExampleApp.swift */ = {isa = PBXFileReference; lastKnownFileType = sourcecode.swift; path = ExampleApp.swift; sourceTree = "<group>"; };
		BC4A53452A99E7DD00E78D57 /* Assets.xcassets */ = {isa = PBXFileReference; lastKnownFileType = folder.assetcatalog; path = Assets.xcassets; sourceTree = "<group>"; };
		BC4A53472A99E7DD00E78D57 /* Example.entitlements */ = {isa = PBXFileReference; lastKnownFileType = text.plist.entitlements; path = Example.entitlements; sourceTree = "<group>"; };
		BC4A53492A99E7DD00E78D57 /* Preview Assets.xcassets */ = {isa = PBXFileReference; lastKnownFileType = folder.assetcatalog; path = "Preview Assets.xcassets"; sourceTree = "<group>"; };
		BC4A534F2A99E7DD00E78D57 /* ExampleTests.xctest */ = {isa = PBXFileReference; explicitFileType = wrapper.cfbundle; includeInIndex = 0; path = ExampleTests.xctest; sourceTree = BUILT_PRODUCTS_DIR; };
		BC4A53532A99E7DD00E78D57 /* ExampleTests.swift */ = {isa = PBXFileReference; lastKnownFileType = sourcecode.swift; path = ExampleTests.swift; sourceTree = "<group>"; };
		BC4A53592A99E7DD00E78D57 /* ExampleUITests.xctest */ = {isa = PBXFileReference; explicitFileType = wrapper.cfbundle; includeInIndex = 0; path = ExampleUITests.xctest; sourceTree = BUILT_PRODUCTS_DIR; };
		BC4A535D2A99E7DD00E78D57 /* ExampleUITests.swift */ = {isa = PBXFileReference; lastKnownFileType = sourcecode.swift; path = ExampleUITests.swift; sourceTree = "<group>"; };
		BC4A535F2A99E7DD00E78D57 /* ExampleUITestsLaunchTests.swift */ = {isa = PBXFileReference; lastKnownFileType = sourcecode.swift; path = ExampleUITestsLaunchTests.swift; sourceTree = "<group>"; };
		BC4A536C2A99E7E500E78D57 /* ReSwiftSaga */ = {isa = PBXFileReference; lastKnownFileType = wrapper; name = ReSwiftSaga; path = ..; sourceTree = "<group>"; };
/* End PBXFileReference section */

/* Begin PBXFrameworksBuildPhase section */
		BC4A533B2A99E7DC00E78D57 /* Frameworks */ = {
			isa = PBXFrameworksBuildPhase;
			buildActionMask = 2147483647;
			files = (
				BC4A536F2A99E7F400E78D57 /* ReSwiftSaga in Frameworks */,
			);
			runOnlyForDeploymentPostprocessing = 0;
		};
		BC4A534C2A99E7DD00E78D57 /* Frameworks */ = {
			isa = PBXFrameworksBuildPhase;
			buildActionMask = 2147483647;
			files = (
			);
			runOnlyForDeploymentPostprocessing = 0;
		};
		BC4A53562A99E7DD00E78D57 /* Frameworks */ = {
			isa = PBXFrameworksBuildPhase;
			buildActionMask = 2147483647;
			files = (
			);
			runOnlyForDeploymentPostprocessing = 0;
		};
/* End PBXFrameworksBuildPhase section */

/* Begin PBXGroup section */
		9B6E6A652A9A07CC0097D20A /* View */ = {
			isa = PBXGroup;
			children = (
				9B6E6A662A9A07CC0097D20A /* RootView */,
				9B6E6A6A2A9A07CC0097D20A /* UserView */,
				9B6E6A6D2A9A07CC0097D20A /* CounterView */,
			);
			path = View;
			sourceTree = "<group>";
		};
		9B6E6A662A9A07CC0097D20A /* RootView */ = {
			isa = PBXGroup;
			children = (
				9B6E6A672A9A07CC0097D20A /* RootView.swift */,
			);
			path = RootView;
			sourceTree = "<group>";
		};
		9B6E6A6A2A9A07CC0097D20A /* UserView */ = {
			isa = PBXGroup;
			children = (
				9B6E6A6C2A9A07CC0097D20A /* UserView.swift */,
				9B6E6A6B2A9A07CC0097D20A /* UserViewModel.swift */,
			);
			path = UserView;
			sourceTree = "<group>";
		};
		9B6E6A6D2A9A07CC0097D20A /* CounterView */ = {
			isa = PBXGroup;
			children = (
				9B6E6A6E2A9A07CC0097D20A /* CounterView.swift */,
				9B6E6A6F2A9A07CC0097D20A /* CounterViewModel.swift */,
			);
			path = CounterView;
			sourceTree = "<group>";
		};
		9B6E6A702A9A07CC0097D20A /* ViewModel */ = {
			isa = PBXGroup;
			children = (
			);
			path = ViewModel;
			sourceTree = "<group>";
		};
		9B6E6A712A9A07CC0097D20A /* redux */ = {
			isa = PBXGroup;
			children = (
				9B6E6A742A9A07CC0097D20A /* AppReducer.swift */,
				9B6E6A732A9A07CC0097D20A /* AppSaga.swift */,
				9B6E6A722A9A07CC0097D20A /* AppState.swift */,
				9B6E6A762A9A07CC0097D20A /* AppStore.swift */,
				9B6E6A772A9A07CC0097D20A /* modules */,
			);
			path = redux;
			sourceTree = "<group>";
		};
		9B6E6A772A9A07CC0097D20A /* modules */ = {
			isa = PBXGroup;
			children = (
				9B6E6A782A9A07CC0097D20A /* User */,
				9B6E6A7E2A9A07CC0097D20A /* Counter */,
			);
			path = modules;
			sourceTree = "<group>";
		};
		9B6E6A782A9A07CC0097D20A /* User */ = {
			isa = PBXGroup;
			children = (
				9B6E6A792A9A07CC0097D20A /* UserReducer.swift */,
				9B6E6A7A2A9A07CC0097D20A /* UserSaga.swift */,
				9B6E6A7B2A9A07CC0097D20A /* UserAction.swift */,
				9B6E6A7C2A9A07CC0097D20A /* UserSelectors.swift */,
				9B6E6A7D2A9A07CC0097D20A /* UserState.swift */,
			);
			path = User;
			sourceTree = "<group>";
		};
		9B6E6A7E2A9A07CC0097D20A /* Counter */ = {
			isa = PBXGroup;
			children = (
				9B6E6A7F2A9A07CC0097D20A /* CounterSaga.swift */,
				9B6E6A802A9A07CC0097D20A /* CounterReducer.swift */,
				9B6E6A812A9A07CC0097D20A /* CounterSelectors.swift */,
				9B6E6A822A9A07CC0097D20A /* CounterState.swift */,
				9B6E6A832A9A07CC0097D20A /* CounterAction.swift */,
			);
			path = Counter;
			sourceTree = "<group>";
		};
		BC4A53352A99E7DC00E78D57 = {
			isa = PBXGroup;
			children = (
				BC4A536C2A99E7E500E78D57 /* ReSwiftSaga */,
				BC4A53402A99E7DC00E78D57 /* Example */,
				BC4A53522A99E7DD00E78D57 /* ExampleTests */,
				BC4A535C2A99E7DD00E78D57 /* ExampleUITests */,
				BC4A533F2A99E7DC00E78D57 /* Products */,
				BC4A536D2A99E7F400E78D57 /* Frameworks */,
			);
			sourceTree = "<group>";
		};
		BC4A533F2A99E7DC00E78D57 /* Products */ = {
			isa = PBXGroup;
			children = (
				BC4A533E2A99E7DC00E78D57 /* Example.app */,
				BC4A534F2A99E7DD00E78D57 /* ExampleTests.xctest */,
				BC4A53592A99E7DD00E78D57 /* ExampleUITests.xctest */,
			);
			name = Products;
			sourceTree = "<group>";
		};
		BC4A53402A99E7DC00E78D57 /* Example */ = {
			isa = PBXGroup;
			children = (
				9B6E6A712A9A07CC0097D20A /* redux */,
				9B6E6A652A9A07CC0097D20A /* View */,
				9B6E6A702A9A07CC0097D20A /* ViewModel */,
				BC4A53412A99E7DC00E78D57 /* ExampleApp.swift */,
				BC4A53452A99E7DD00E78D57 /* Assets.xcassets */,
				BC4A53472A99E7DD00E78D57 /* Example.entitlements */,
				BC4A53482A99E7DD00E78D57 /* Preview Content */,
			);
			path = Example;
			sourceTree = "<group>";
		};
		BC4A53482A99E7DD00E78D57 /* Preview Content */ = {
			isa = PBXGroup;
			children = (
				BC4A53492A99E7DD00E78D57 /* Preview Assets.xcassets */,
			);
			path = "Preview Content";
			sourceTree = "<group>";
		};
		BC4A53522A99E7DD00E78D57 /* ExampleTests */ = {
			isa = PBXGroup;
			children = (
				BC4A53532A99E7DD00E78D57 /* ExampleTests.swift */,
			);
			path = ExampleTests;
			sourceTree = "<group>";
		};
		BC4A535C2A99E7DD00E78D57 /* ExampleUITests */ = {
			isa = PBXGroup;
			children = (
				BC4A535D2A99E7DD00E78D57 /* ExampleUITests.swift */,
				BC4A535F2A99E7DD00E78D57 /* ExampleUITestsLaunchTests.swift */,
			);
			path = ExampleUITests;
			sourceTree = "<group>";
		};
		BC4A536D2A99E7F400E78D57 /* Frameworks */ = {
			isa = PBXGroup;
			children = (
			);
			name = Frameworks;
			sourceTree = "<group>";
		};
/* End PBXGroup section */

/* Begin PBXNativeTarget section */
		BC4A533D2A99E7DC00E78D57 /* Example */ = {
			isa = PBXNativeTarget;
			buildConfigurationList = BC4A53632A99E7DD00E78D57 /* Build configuration list for PBXNativeTarget "Example" */;
			buildPhases = (
				BC4A533A2A99E7DC00E78D57 /* Sources */,
				BC4A533B2A99E7DC00E78D57 /* Frameworks */,
				BC4A533C2A99E7DC00E78D57 /* Resources */,
			);
			buildRules = (
			);
			dependencies = (
			);
			name = Example;
			packageProductDependencies = (
				BC4A536E2A99E7F400E78D57 /* ReSwiftSaga */,
			);
			productName = Example;
			productReference = BC4A533E2A99E7DC00E78D57 /* Example.app */;
			productType = "com.apple.product-type.application";
		};
		BC4A534E2A99E7DD00E78D57 /* ExampleTests */ = {
			isa = PBXNativeTarget;
			buildConfigurationList = BC4A53662A99E7DD00E78D57 /* Build configuration list for PBXNativeTarget "ExampleTests" */;
			buildPhases = (
				BC4A534B2A99E7DD00E78D57 /* Sources */,
				BC4A534C2A99E7DD00E78D57 /* Frameworks */,
				BC4A534D2A99E7DD00E78D57 /* Resources */,
			);
			buildRules = (
			);
			dependencies = (
				BC4A53512A99E7DD00E78D57 /* PBXTargetDependency */,
			);
			name = ExampleTests;
			productName = ExampleTests;
			productReference = BC4A534F2A99E7DD00E78D57 /* ExampleTests.xctest */;
			productType = "com.apple.product-type.bundle.unit-test";
		};
		BC4A53582A99E7DD00E78D57 /* ExampleUITests */ = {
			isa = PBXNativeTarget;
			buildConfigurationList = BC4A53692A99E7DD00E78D57 /* Build configuration list for PBXNativeTarget "ExampleUITests" */;
			buildPhases = (
				BC4A53552A99E7DD00E78D57 /* Sources */,
				BC4A53562A99E7DD00E78D57 /* Frameworks */,
				BC4A53572A99E7DD00E78D57 /* Resources */,
			);
			buildRules = (
			);
			dependencies = (
				BC4A535B2A99E7DD00E78D57 /* PBXTargetDependency */,
			);
			name = ExampleUITests;
			productName = ExampleUITests;
			productReference = BC4A53592A99E7DD00E78D57 /* ExampleUITests.xctest */;
			productType = "com.apple.product-type.bundle.ui-testing";
		};
/* End PBXNativeTarget section */

/* Begin PBXProject section */
		BC4A53362A99E7DC00E78D57 /* Project object */ = {
			isa = PBXProject;
			attributes = {
				BuildIndependentTargetsInParallel = 1;
				LastSwiftUpdateCheck = 1430;
				LastUpgradeCheck = 1430;
				TargetAttributes = {
					BC4A533D2A99E7DC00E78D57 = {
						CreatedOnToolsVersion = 14.3.1;
					};
					BC4A534E2A99E7DD00E78D57 = {
						CreatedOnToolsVersion = 14.3.1;
						TestTargetID = BC4A533D2A99E7DC00E78D57;
					};
					BC4A53582A99E7DD00E78D57 = {
						CreatedOnToolsVersion = 14.3.1;
						TestTargetID = BC4A533D2A99E7DC00E78D57;
					};
				};
			};
			buildConfigurationList = BC4A53392A99E7DC00E78D57 /* Build configuration list for PBXProject "Example" */;
			compatibilityVersion = "Xcode 14.0";
			developmentRegion = en;
			hasScannedForEncodings = 0;
			knownRegions = (
				en,
				Base,
			);
			mainGroup = BC4A53352A99E7DC00E78D57;
			productRefGroup = BC4A533F2A99E7DC00E78D57 /* Products */;
			projectDirPath = "";
			projectRoot = "";
			targets = (
				BC4A533D2A99E7DC00E78D57 /* Example */,
				BC4A534E2A99E7DD00E78D57 /* ExampleTests */,
				BC4A53582A99E7DD00E78D57 /* ExampleUITests */,
			);
		};
/* End PBXProject section */

/* Begin PBXResourcesBuildPhase section */
		BC4A533C2A99E7DC00E78D57 /* Resources */ = {
			isa = PBXResourcesBuildPhase;
			buildActionMask = 2147483647;
			files = (
				BC4A534A2A99E7DD00E78D57 /* Preview Assets.xcassets in Resources */,
				BC4A53462A99E7DD00E78D57 /* Assets.xcassets in Resources */,
			);
			runOnlyForDeploymentPostprocessing = 0;
		};
		BC4A534D2A99E7DD00E78D57 /* Resources */ = {
			isa = PBXResourcesBuildPhase;
			buildActionMask = 2147483647;
			files = (
			);
			runOnlyForDeploymentPostprocessing = 0;
		};
		BC4A53572A99E7DD00E78D57 /* Resources */ = {
			isa = PBXResourcesBuildPhase;
			buildActionMask = 2147483647;
			files = (
			);
			runOnlyForDeploymentPostprocessing = 0;
		};
/* End PBXResourcesBuildPhase section */

/* Begin PBXSourcesBuildPhase section */
		BC4A533A2A99E7DC00E78D57 /* Sources */ = {
			isa = PBXSourcesBuildPhase;
			buildActionMask = 2147483647;
			files = (
				9B6E6A922A9A07CC0097D20A /* UserState.swift in Sources */,
				9B6E6A912A9A07CC0097D20A /* UserSelectors.swift in Sources */,
				9B6E6A902A9A07CC0097D20A /* UserAction.swift in Sources */,
				9B6E6A8C2A9A07CC0097D20A /* AppReducer.swift in Sources */,
				9B6E6A872A9A07CC0097D20A /* UserView.swift in Sources */,
				9B6E6A8D2A9A07CC0097D20A /* AppStore.swift in Sources */,
				9B6E6A8A2A9A07CC0097D20A /* AppState.swift in Sources */,
				9B6E6A882A9A07CC0097D20A /* CounterView.swift in Sources */,
				9B6E6A932A9A07CC0097D20A /* CounterSaga.swift in Sources */,
				9B6E6A942A9A07CC0097D20A /* CounterReducer.swift in Sources */,
				9B6E6A962A9A07CC0097D20A /* CounterState.swift in Sources */,
				BC4A53422A99E7DC00E78D57 /* ExampleApp.swift in Sources */,
				9B6E6A8E2A9A07CC0097D20A /* UserReducer.swift in Sources */,
				9B6E6A892A9A07CC0097D20A /* CounterViewModel.swift in Sources */,
				9B6E6A862A9A07CC0097D20A /* UserViewModel.swift in Sources */,
				9B6E6A842A9A07CC0097D20A /* RootView.swift in Sources */,
				9B6E6A972A9A07CC0097D20A /* CounterAction.swift in Sources */,
				9B6E6A952A9A07CC0097D20A /* CounterSelectors.swift in Sources */,
				9B6E6A8F2A9A07CC0097D20A /* UserSaga.swift in Sources */,
				9B6E6A8B2A9A07CC0097D20A /* AppSaga.swift in Sources */,
			);
			runOnlyForDeploymentPostprocessing = 0;
		};
		BC4A534B2A99E7DD00E78D57 /* Sources */ = {
			isa = PBXSourcesBuildPhase;
			buildActionMask = 2147483647;
			files = (
				BC4A53542A99E7DD00E78D57 /* ExampleTests.swift in Sources */,
			);
			runOnlyForDeploymentPostprocessing = 0;
		};
		BC4A53552A99E7DD00E78D57 /* Sources */ = {
			isa = PBXSourcesBuildPhase;
			buildActionMask = 2147483647;
			files = (
				BC4A535E2A99E7DD00E78D57 /* ExampleUITests.swift in Sources */,
				BC4A53602A99E7DD00E78D57 /* ExampleUITestsLaunchTests.swift in Sources */,
			);
			runOnlyForDeploymentPostprocessing = 0;
		};
/* End PBXSourcesBuildPhase section */

/* Begin PBXTargetDependency section */
		BC4A53512A99E7DD00E78D57 /* PBXTargetDependency */ = {
			isa = PBXTargetDependency;
			target = BC4A533D2A99E7DC00E78D57 /* Example */;
			targetProxy = BC4A53502A99E7DD00E78D57 /* PBXContainerItemProxy */;
		};
		BC4A535B2A99E7DD00E78D57 /* PBXTargetDependency */ = {
			isa = PBXTargetDependency;
			target = BC4A533D2A99E7DC00E78D57 /* Example */;
			targetProxy = BC4A535A2A99E7DD00E78D57 /* PBXContainerItemProxy */;
		};
/* End PBXTargetDependency section */

/* Begin XCBuildConfiguration section */
		BC4A53612A99E7DD00E78D57 /* Debug */ = {
			isa = XCBuildConfiguration;
			buildSettings = {
				ALWAYS_SEARCH_USER_PATHS = NO;
				CLANG_ANALYZER_NONNULL = YES;
				CLANG_ANALYZER_NUMBER_OBJECT_CONVERSION = YES_AGGRESSIVE;
				CLANG_CXX_LANGUAGE_STANDARD = "gnu++20";
				CLANG_ENABLE_MODULES = YES;
				CLANG_ENABLE_OBJC_ARC = YES;
				CLANG_ENABLE_OBJC_WEAK = YES;
				CLANG_WARN_BLOCK_CAPTURE_AUTORELEASING = YES;
				CLANG_WARN_BOOL_CONVERSION = YES;
				CLANG_WARN_COMMA = YES;
				CLANG_WARN_CONSTANT_CONVERSION = YES;
				CLANG_WARN_DEPRECATED_OBJC_IMPLEMENTATIONS = YES;
				CLANG_WARN_DIRECT_OBJC_ISA_USAGE = YES_ERROR;
				CLANG_WARN_DOCUMENTATION_COMMENTS = YES;
				CLANG_WARN_EMPTY_BODY = YES;
				CLANG_WARN_ENUM_CONVERSION = YES;
				CLANG_WARN_INFINITE_RECURSION = YES;
				CLANG_WARN_INT_CONVERSION = YES;
				CLANG_WARN_NON_LITERAL_NULL_CONVERSION = YES;
				CLANG_WARN_OBJC_IMPLICIT_RETAIN_SELF = YES;
				CLANG_WARN_OBJC_LITERAL_CONVERSION = YES;
				CLANG_WARN_OBJC_ROOT_CLASS = YES_ERROR;
				CLANG_WARN_QUOTED_INCLUDE_IN_FRAMEWORK_HEADER = YES;
				CLANG_WARN_RANGE_LOOP_ANALYSIS = YES;
				CLANG_WARN_STRICT_PROTOTYPES = YES;
				CLANG_WARN_SUSPICIOUS_MOVE = YES;
				CLANG_WARN_UNGUARDED_AVAILABILITY = YES_AGGRESSIVE;
				CLANG_WARN_UNREACHABLE_CODE = YES;
				CLANG_WARN__DUPLICATE_METHOD_MATCH = YES;
				COPY_PHASE_STRIP = NO;
				DEBUG_INFORMATION_FORMAT = dwarf;
				ENABLE_STRICT_OBJC_MSGSEND = YES;
				ENABLE_TESTABILITY = YES;
				GCC_C_LANGUAGE_STANDARD = gnu11;
				GCC_DYNAMIC_NO_PIC = NO;
				GCC_NO_COMMON_BLOCKS = YES;
				GCC_OPTIMIZATION_LEVEL = 0;
				GCC_PREPROCESSOR_DEFINITIONS = (
					"DEBUG=1",
					"$(inherited)",
				);
				GCC_WARN_64_TO_32_BIT_CONVERSION = YES;
				GCC_WARN_ABOUT_RETURN_TYPE = YES_ERROR;
				GCC_WARN_UNDECLARED_SELECTOR = YES;
				GCC_WARN_UNINITIALIZED_AUTOS = YES_AGGRESSIVE;
				GCC_WARN_UNUSED_FUNCTION = YES;
				GCC_WARN_UNUSED_VARIABLE = YES;
				MTL_ENABLE_DEBUG_INFO = INCLUDE_SOURCE;
				MTL_FAST_MATH = YES;
				ONLY_ACTIVE_ARCH = YES;
				SWIFT_ACTIVE_COMPILATION_CONDITIONS = DEBUG;
				SWIFT_OPTIMIZATION_LEVEL = "-Onone";
			};
			name = Debug;
		};
		BC4A53622A99E7DD00E78D57 /* Release */ = {
			isa = XCBuildConfiguration;
			buildSettings = {
				ALWAYS_SEARCH_USER_PATHS = NO;
				CLANG_ANALYZER_NONNULL = YES;
				CLANG_ANALYZER_NUMBER_OBJECT_CONVERSION = YES_AGGRESSIVE;
				CLANG_CXX_LANGUAGE_STANDARD = "gnu++20";
				CLANG_ENABLE_MODULES = YES;
				CLANG_ENABLE_OBJC_ARC = YES;
				CLANG_ENABLE_OBJC_WEAK = YES;
				CLANG_WARN_BLOCK_CAPTURE_AUTORELEASING = YES;
				CLANG_WARN_BOOL_CONVERSION = YES;
				CLANG_WARN_COMMA = YES;
				CLANG_WARN_CONSTANT_CONVERSION = YES;
				CLANG_WARN_DEPRECATED_OBJC_IMPLEMENTATIONS = YES;
				CLANG_WARN_DIRECT_OBJC_ISA_USAGE = YES_ERROR;
				CLANG_WARN_DOCUMENTATION_COMMENTS = YES;
				CLANG_WARN_EMPTY_BODY = YES;
				CLANG_WARN_ENUM_CONVERSION = YES;
				CLANG_WARN_INFINITE_RECURSION = YES;
				CLANG_WARN_INT_CONVERSION = YES;
				CLANG_WARN_NON_LITERAL_NULL_CONVERSION = YES;
				CLANG_WARN_OBJC_IMPLICIT_RETAIN_SELF = YES;
				CLANG_WARN_OBJC_LITERAL_CONVERSION = YES;
				CLANG_WARN_OBJC_ROOT_CLASS = YES_ERROR;
				CLANG_WARN_QUOTED_INCLUDE_IN_FRAMEWORK_HEADER = YES;
				CLANG_WARN_RANGE_LOOP_ANALYSIS = YES;
				CLANG_WARN_STRICT_PROTOTYPES = YES;
				CLANG_WARN_SUSPICIOUS_MOVE = YES;
				CLANG_WARN_UNGUARDED_AVAILABILITY = YES_AGGRESSIVE;
				CLANG_WARN_UNREACHABLE_CODE = YES;
				CLANG_WARN__DUPLICATE_METHOD_MATCH = YES;
				COPY_PHASE_STRIP = NO;
				DEBUG_INFORMATION_FORMAT = "dwarf-with-dsym";
				ENABLE_NS_ASSERTIONS = NO;
				ENABLE_STRICT_OBJC_MSGSEND = YES;
				GCC_C_LANGUAGE_STANDARD = gnu11;
				GCC_NO_COMMON_BLOCKS = YES;
				GCC_WARN_64_TO_32_BIT_CONVERSION = YES;
				GCC_WARN_ABOUT_RETURN_TYPE = YES_ERROR;
				GCC_WARN_UNDECLARED_SELECTOR = YES;
				GCC_WARN_UNINITIALIZED_AUTOS = YES_AGGRESSIVE;
				GCC_WARN_UNUSED_FUNCTION = YES;
				GCC_WARN_UNUSED_VARIABLE = YES;
				MTL_ENABLE_DEBUG_INFO = NO;
				MTL_FAST_MATH = YES;
				SWIFT_COMPILATION_MODE = wholemodule;
				SWIFT_OPTIMIZATION_LEVEL = "-O";
			};
			name = Release;
		};
		BC4A53642A99E7DD00E78D57 /* Debug */ = {
			isa = XCBuildConfiguration;
			buildSettings = {
				ASSETCATALOG_COMPILER_APPICON_NAME = AppIcon;
				ASSETCATALOG_COMPILER_GLOBAL_ACCENT_COLOR_NAME = AccentColor;
				CODE_SIGN_ENTITLEMENTS = Example/Example.entitlements;
				CODE_SIGN_STYLE = Automatic;
				CURRENT_PROJECT_VERSION = 1;
				DEVELOPMENT_ASSET_PATHS = "\"Example/Preview Content\"";
				ENABLE_PREVIEWS = YES;
				GENERATE_INFOPLIST_FILE = YES;
				"INFOPLIST_KEY_UIApplicationSceneManifest_Generation[sdk=iphoneos*]" = YES;
				"INFOPLIST_KEY_UIApplicationSceneManifest_Generation[sdk=iphonesimulator*]" = YES;
				"INFOPLIST_KEY_UIApplicationSupportsIndirectInputEvents[sdk=iphoneos*]" = YES;
				"INFOPLIST_KEY_UIApplicationSupportsIndirectInputEvents[sdk=iphonesimulator*]" = YES;
				"INFOPLIST_KEY_UILaunchScreen_Generation[sdk=iphoneos*]" = YES;
				"INFOPLIST_KEY_UILaunchScreen_Generation[sdk=iphonesimulator*]" = YES;
				"INFOPLIST_KEY_UIStatusBarStyle[sdk=iphoneos*]" = UIStatusBarStyleDefault;
				"INFOPLIST_KEY_UIStatusBarStyle[sdk=iphonesimulator*]" = UIStatusBarStyleDefault;
				INFOPLIST_KEY_UISupportedInterfaceOrientations_iPad = "UIInterfaceOrientationPortrait UIInterfaceOrientationPortraitUpsideDown UIInterfaceOrientationLandscapeLeft UIInterfaceOrientationLandscapeRight";
				INFOPLIST_KEY_UISupportedInterfaceOrientations_iPhone = "UIInterfaceOrientationPortrait UIInterfaceOrientationLandscapeLeft UIInterfaceOrientationLandscapeRight";
				IPHONEOS_DEPLOYMENT_TARGET = 16.4;
				LD_RUNPATH_SEARCH_PATHS = "@executable_path/Frameworks";
				"LD_RUNPATH_SEARCH_PATHS[sdk=macosx*]" = "@executable_path/../Frameworks";
				MACOSX_DEPLOYMENT_TARGET = 13.3;
				MARKETING_VERSION = 1.0;
				PRODUCT_BUNDLE_IDENTIFIER = com.example.Example;
				PRODUCT_NAME = "$(TARGET_NAME)";
				SDKROOT = auto;
				SUPPORTED_PLATFORMS = "iphoneos iphonesimulator";
				SUPPORTS_MACCATALYST = NO;
				SUPPORTS_MAC_DESIGNED_FOR_IPHONE_IPAD = NO;
				SWIFT_EMIT_LOC_STRINGS = YES;
				SWIFT_VERSION = 5.0;
				TARGETED_DEVICE_FAMILY = "1,2";
			};
			name = Debug;
		};
		BC4A53652A99E7DD00E78D57 /* Release */ = {
			isa = XCBuildConfiguration;
			buildSettings = {
				ASSETCATALOG_COMPILER_APPICON_NAME = AppIcon;
				ASSETCATALOG_COMPILER_GLOBAL_ACCENT_COLOR_NAME = AccentColor;
				CODE_SIGN_ENTITLEMENTS = Example/Example.entitlements;
				CODE_SIGN_STYLE = Automatic;
				CURRENT_PROJECT_VERSION = 1;
				DEVELOPMENT_ASSET_PATHS = "\"Example/Preview Content\"";
				ENABLE_PREVIEWS = YES;
				GENERATE_INFOPLIST_FILE = YES;
				"INFOPLIST_KEY_UIApplicationSceneManifest_Generation[sdk=iphoneos*]" = YES;
				"INFOPLIST_KEY_UIApplicationSceneManifest_Generation[sdk=iphonesimulator*]" = YES;
				"INFOPLIST_KEY_UIApplicationSupportsIndirectInputEvents[sdk=iphoneos*]" = YES;
				"INFOPLIST_KEY_UIApplicationSupportsIndirectInputEvents[sdk=iphonesimulator*]" = YES;
				"INFOPLIST_KEY_UILaunchScreen_Generation[sdk=iphoneos*]" = YES;
				"INFOPLIST_KEY_UILaunchScreen_Generation[sdk=iphonesimulator*]" = YES;
				"INFOPLIST_KEY_UIStatusBarStyle[sdk=iphoneos*]" = UIStatusBarStyleDefault;
				"INFOPLIST_KEY_UIStatusBarStyle[sdk=iphonesimulator*]" = UIStatusBarStyleDefault;
				INFOPLIST_KEY_UISupportedInterfaceOrientations_iPad = "UIInterfaceOrientationPortrait UIInterfaceOrientationPortraitUpsideDown UIInterfaceOrientationLandscapeLeft UIInterfaceOrientationLandscapeRight";
				INFOPLIST_KEY_UISupportedInterfaceOrientations_iPhone = "UIInterfaceOrientationPortrait UIInterfaceOrientationLandscapeLeft UIInterfaceOrientationLandscapeRight";
				IPHONEOS_DEPLOYMENT_TARGET = 16.4;
				LD_RUNPATH_SEARCH_PATHS = "@executable_path/Frameworks";
				"LD_RUNPATH_SEARCH_PATHS[sdk=macosx*]" = "@executable_path/../Frameworks";
				MACOSX_DEPLOYMENT_TARGET = 13.3;
				MARKETING_VERSION = 1.0;
				PRODUCT_BUNDLE_IDENTIFIER = com.example.Example;
				PRODUCT_NAME = "$(TARGET_NAME)";
				SDKROOT = auto;
				SUPPORTED_PLATFORMS = "iphoneos iphonesimulator";
				SUPPORTS_MACCATALYST = NO;
				SUPPORTS_MAC_DESIGNED_FOR_IPHONE_IPAD = NO;
				SWIFT_EMIT_LOC_STRINGS = YES;
				SWIFT_VERSION = 5.0;
				TARGETED_DEVICE_FAMILY = "1,2";
			};
			name = Release;
		};
		BC4A53672A99E7DD00E78D57 /* Debug */ = {
			isa = XCBuildConfiguration;
			buildSettings = {
				ALWAYS_EMBED_SWIFT_STANDARD_LIBRARIES = YES;
				BUNDLE_LOADER = "$(TEST_HOST)";
				CODE_SIGN_STYLE = Automatic;
				CURRENT_PROJECT_VERSION = 1;
				GENERATE_INFOPLIST_FILE = YES;
				IPHONEOS_DEPLOYMENT_TARGET = 16.4;
				MACOSX_DEPLOYMENT_TARGET = 13.3;
				MARKETING_VERSION = 1.0;
				PRODUCT_BUNDLE_IDENTIFIER = com.example.ExampleTests;
				PRODUCT_NAME = "$(TARGET_NAME)";
				SDKROOT = auto;
				SUPPORTED_PLATFORMS = "iphoneos iphonesimulator macosx";
				SWIFT_EMIT_LOC_STRINGS = NO;
				SWIFT_VERSION = 5.0;
				TARGETED_DEVICE_FAMILY = "1,2";
				TEST_HOST = "$(BUILT_PRODUCTS_DIR)/Example.app/$(BUNDLE_EXECUTABLE_FOLDER_PATH)/Example";
			};
			name = Debug;
		};
		BC4A53682A99E7DD00E78D57 /* Release */ = {
			isa = XCBuildConfiguration;
			buildSettings = {
				ALWAYS_EMBED_SWIFT_STANDARD_LIBRARIES = YES;
				BUNDLE_LOADER = "$(TEST_HOST)";
				CODE_SIGN_STYLE = Automatic;
				CURRENT_PROJECT_VERSION = 1;
				GENERATE_INFOPLIST_FILE = YES;
				IPHONEOS_DEPLOYMENT_TARGET = 16.4;
				MACOSX_DEPLOYMENT_TARGET = 13.3;
				MARKETING_VERSION = 1.0;
				PRODUCT_BUNDLE_IDENTIFIER = com.example.ExampleTests;
				PRODUCT_NAME = "$(TARGET_NAME)";
				SDKROOT = auto;
				SUPPORTED_PLATFORMS = "iphoneos iphonesimulator macosx";
				SWIFT_EMIT_LOC_STRINGS = NO;
				SWIFT_VERSION = 5.0;
				TARGETED_DEVICE_FAMILY = "1,2";
				TEST_HOST = "$(BUILT_PRODUCTS_DIR)/Example.app/$(BUNDLE_EXECUTABLE_FOLDER_PATH)/Example";
			};
			name = Release;
		};
		BC4A536A2A99E7DD00E78D57 /* Debug */ = {
			isa = XCBuildConfiguration;
			buildSettings = {
				ALWAYS_EMBED_SWIFT_STANDARD_LIBRARIES = YES;
				CODE_SIGN_STYLE = Automatic;
				CURRENT_PROJECT_VERSION = 1;
				GENERATE_INFOPLIST_FILE = YES;
				IPHONEOS_DEPLOYMENT_TARGET = 16.4;
				MACOSX_DEPLOYMENT_TARGET = 13.3;
				MARKETING_VERSION = 1.0;
				PRODUCT_BUNDLE_IDENTIFIER = com.example.ExampleUITests;
				PRODUCT_NAME = "$(TARGET_NAME)";
				SDKROOT = auto;
				SUPPORTED_PLATFORMS = "iphoneos iphonesimulator macosx";
				SWIFT_EMIT_LOC_STRINGS = NO;
				SWIFT_VERSION = 5.0;
				TARGETED_DEVICE_FAMILY = "1,2";
				TEST_TARGET_NAME = Example;
			};
			name = Debug;
		};
		BC4A536B2A99E7DD00E78D57 /* Release */ = {
			isa = XCBuildConfiguration;
			buildSettings = {
				ALWAYS_EMBED_SWIFT_STANDARD_LIBRARIES = YES;
				CODE_SIGN_STYLE = Automatic;
				CURRENT_PROJECT_VERSION = 1;
				GENERATE_INFOPLIST_FILE = YES;
				IPHONEOS_DEPLOYMENT_TARGET = 16.4;
				MACOSX_DEPLOYMENT_TARGET = 13.3;
				MARKETING_VERSION = 1.0;
				PRODUCT_BUNDLE_IDENTIFIER = com.example.ExampleUITests;
				PRODUCT_NAME = "$(TARGET_NAME)";
				SDKROOT = auto;
				SUPPORTED_PLATFORMS = "iphoneos iphonesimulator macosx";
				SWIFT_EMIT_LOC_STRINGS = NO;
				SWIFT_VERSION = 5.0;
				TARGETED_DEVICE_FAMILY = "1,2";
				TEST_TARGET_NAME = Example;
			};
			name = Release;
		};
/* End XCBuildConfiguration section */

/* Begin XCConfigurationList section */
		BC4A53392A99E7DC00E78D57 /* Build configuration list for PBXProject "Example" */ = {
			isa = XCConfigurationList;
			buildConfigurations = (
				BC4A53612A99E7DD00E78D57 /* Debug */,
				BC4A53622A99E7DD00E78D57 /* Release */,
			);
			defaultConfigurationIsVisible = 0;
			defaultConfigurationName = Release;
		};
		BC4A53632A99E7DD00E78D57 /* Build configuration list for PBXNativeTarget "Example" */ = {
			isa = XCConfigurationList;
			buildConfigurations = (
				BC4A53642A99E7DD00E78D57 /* Debug */,
				BC4A53652A99E7DD00E78D57 /* Release */,
			);
			defaultConfigurationIsVisible = 0;
			defaultConfigurationName = Release;
		};
		BC4A53662A99E7DD00E78D57 /* Build configuration list for PBXNativeTarget "ExampleTests" */ = {
			isa = XCConfigurationList;
			buildConfigurations = (
				BC4A53672A99E7DD00E78D57 /* Debug */,
				BC4A53682A99E7DD00E78D57 /* Release */,
			);
			defaultConfigurationIsVisible = 0;
			defaultConfigurationName = Release;
		};
		BC4A53692A99E7DD00E78D57 /* Build configuration list for PBXNativeTarget "ExampleUITests" */ = {
			isa = XCConfigurationList;
			buildConfigurations = (
				BC4A536A2A99E7DD00E78D57 /* Debug */,
				BC4A536B2A99E7DD00E78D57 /* Release */,
			);
			defaultConfigurationIsVisible = 0;
			defaultConfigurationName = Release;
		};
/* End XCConfigurationList section */

/* Begin XCSwiftPackageProductDependency section */
		BC4A536E2A99E7F400E78D57 /* ReSwiftSaga */ = {
			isa = XCSwiftPackageProductDependency;
			productName = ReSwiftSaga;
		};
/* End XCSwiftPackageProductDependency section */
	};
	rootObject = BC4A53362A99E7DC00E78D57 /* Project object */;
}
